
Microsoft Visual Studio Solution File, Format Version 12.00
Project("{2150E333-8FDC-42A3-9474-1A3956D46DE8}") = "Solution Items", "Solution Items", "{A636C8A3-81DB-4721-8A3C-B0CB89406116}"
	ProjectSection(SolutionItems) = preProject
		.editorconfig = .editorconfig
		.gitattributes = .gitattributes
		.gitignore = .gitignore
		build.fsx = build.fsx
		global.json = global.json
		package.json = package.json
		paket.dependencies = paket.dependencies
		README.md = README.md
		SEMVER.md = SEMVER.md
		SolutionInfo.cs = SolutionInfo.cs
	EndProjectSection
EndProject
Project("{2150E333-8FDC-42A3-9474-1A3956D46DE8}") = "src", "src", "{9D1F8B93-289C-4127-AD7C-C4D2C936FD74}"
EndProject
Project("{2150E333-8FDC-42A3-9474-1A3956D46DE8}") = "test", "test", "{7394E8AB-821D-43E7-9290-7543690843AE}"
EndProject
Project("{FAE04EC0-301F-11D3-BF4B-00C04F79EFBC}") = "Grb.Building.Api.IntegrationTests", "test\Grb.Building.Api.IntegrationTests\Grb.Building.Api.IntegrationTests.csproj", "{2E1BD87C-929B-4917-B31D-34EC81E82BAD}"
EndProject
Project("{FAE04EC0-301F-11D3-BF4B-00C04F79EFBC}") = "Grb", "src\Grb\Grb.csproj", "{1A6BA901-9507-452B-BDA0-D956E5EB723F}"
EndProject
Project("{FAE04EC0-301F-11D3-BF4B-00C04F79EFBC}") = "Grb.Building.Api", "src\Grb.Building.Api\Grb.Building.Api.csproj", "{86D7979F-4AFF-49BB-8112-1B3608627038}"
EndProject
Project("{FAE04EC0-301F-11D3-BF4B-00C04F79EFBC}") = "Grb.Building.Processor.Job", "src\Grb.Building.Processor.Job\Grb.Building.Processor.Job.csproj", "{428B4C80-7DC6-4866-88E2-B6EE362A9B73}"
EndProject
Project("{FAE04EC0-301F-11D3-BF4B-00C04F79EFBC}") = "Grb.Building.Processor.Upload", "src\Grb.Building.Processor.Upload\Grb.Building.Processor.Upload.csproj", "{DB1CE62B-2391-4837-96AD-23A475ADEA2C}"
EndProject
Project("{FAE04EC0-301F-11D3-BF4B-00C04F79EFBC}") = "Grb.Building.Tests", "test\Grb.Building.Tests\Grb.Building.Tests.csproj", "{6AD514DC-2F98-476C-8E5F-9AE9EA98B32E}"
EndProject
Project("{FAE04EC0-301F-11D3-BF4B-00C04F79EFBC}") = "Grb.Building.Api.Abstractions", "src\Grb.Building.Api.Abstractions\Grb.Building.Api.Abstractions.csproj", "{7DB96633-5934-4B50-9629-B11D8A128637}"
EndProject
Global
GlobalSection(SolutionConfigurationPlatforms) = preSolution
		Debug|Any CPU = Debug|Any CPU
		Release|Any CPU = Release|Any CPU
EndGlobalSection
	GlobalSection(ProjectConfigurationPlatforms) = postSolution
		{2E1BD87C-929B-4917-B31D-34EC81E82BAD}.Debug|Any CPU.ActiveCfg = Debug|Any CPU
		{2E1BD87C-929B-4917-B31D-34EC81E82BAD}.Debug|Any CPU.Build.0 = Debug|Any CPU
		{2E1BD87C-929B-4917-B31D-34EC81E82BAD}.Release|Any CPU.ActiveCfg = Release|Any CPU
		{2E1BD87C-929B-4917-B31D-34EC81E82BAD}.Release|Any CPU.Build.0 = Release|Any CPU
		{1A6BA901-9507-452B-BDA0-D956E5EB723F}.Debug|Any CPU.ActiveCfg = Debug|Any CPU
		{1A6BA901-9507-452B-BDA0-D956E5EB723F}.Debug|Any CPU.Build.0 = Debug|Any CPU
		{1A6BA901-9507-452B-BDA0-D956E5EB723F}.Release|Any CPU.ActiveCfg = Release|Any CPU
		{1A6BA901-9507-452B-BDA0-D956E5EB723F}.Release|Any CPU.Build.0 = Release|Any CPU
		{86D7979F-4AFF-49BB-8112-1B3608627038}.Debug|Any CPU.ActiveCfg = Debug|Any CPU
		{86D7979F-4AFF-49BB-8112-1B3608627038}.Debug|Any CPU.Build.0 = Debug|Any CPU
		{86D7979F-4AFF-49BB-8112-1B3608627038}.Release|Any CPU.ActiveCfg = Release|Any CPU
		{86D7979F-4AFF-49BB-8112-1B3608627038}.Release|Any CPU.Build.0 = Release|Any CPU
		{428B4C80-7DC6-4866-88E2-B6EE362A9B73}.Debug|Any CPU.ActiveCfg = Debug|Any CPU
		{428B4C80-7DC6-4866-88E2-B6EE362A9B73}.Debug|Any CPU.Build.0 = Debug|Any CPU
		{428B4C80-7DC6-4866-88E2-B6EE362A9B73}.Release|Any CPU.ActiveCfg = Release|Any CPU
		{428B4C80-7DC6-4866-88E2-B6EE362A9B73}.Release|Any CPU.Build.0 = Release|Any CPU
		{DB1CE62B-2391-4837-96AD-23A475ADEA2C}.Debug|Any CPU.ActiveCfg = Debug|Any CPU
		{DB1CE62B-2391-4837-96AD-23A475ADEA2C}.Debug|Any CPU.Build.0 = Debug|Any CPU
		{DB1CE62B-2391-4837-96AD-23A475ADEA2C}.Release|Any CPU.ActiveCfg = Release|Any CPU
		{DB1CE62B-2391-4837-96AD-23A475ADEA2C}.Release|Any CPU.Build.0 = Release|Any CPU
		{6AD514DC-2F98-476C-8E5F-9AE9EA98B32E}.Debug|Any CPU.ActiveCfg = Debug|Any CPU
		{6AD514DC-2F98-476C-8E5F-9AE9EA98B32E}.Debug|Any CPU.Build.0 = Debug|Any CPU
		{6AD514DC-2F98-476C-8E5F-9AE9EA98B32E}.Release|Any CPU.ActiveCfg = Release|Any CPU
		{6AD514DC-2F98-476C-8E5F-9AE9EA98B32E}.Release|Any CPU.Build.0 = Release|Any CPU
		{7DB96633-5934-4B50-9629-B11D8A128637}.Debug|Any CPU.ActiveCfg = Debug|Any CPU
		{7DB96633-5934-4B50-9629-B11D8A128637}.Debug|Any CPU.Build.0 = Debug|Any CPU
		{7DB96633-5934-4B50-9629-B11D8A128637}.Release|Any CPU.ActiveCfg = Release|Any CPU
		{7DB96633-5934-4B50-9629-B11D8A128637}.Release|Any CPU.Build.0 = Release|Any CPU
	EndGlobalSection
	GlobalSection(NestedProjects) = preSolution
		{2E1BD87C-929B-4917-B31D-34EC81E82BAD} = {7394E8AB-821D-43E7-9290-7543690843AE}
		{1A6BA901-9507-452B-BDA0-D956E5EB723F} = {9D1F8B93-289C-4127-AD7C-C4D2C936FD74}
		{86D7979F-4AFF-49BB-8112-1B3608627038} = {9D1F8B93-289C-4127-AD7C-C4D2C936FD74}
		{428B4C80-7DC6-4866-88E2-B6EE362A9B73} = {9D1F8B93-289C-4127-AD7C-C4D2C936FD74}
		{DB1CE62B-2391-4837-96AD-23A475ADEA2C} = {9D1F8B93-289C-4127-AD7C-C4D2C936FD74}
		{6AD514DC-2F98-476C-8E5F-9AE9EA98B32E} = {7394E8AB-821D-43E7-9290-7543690843AE}
		{7DB96633-5934-4B50-9629-B11D8A128637} = {9D1F8B93-289C-4127-AD7C-C4D2C936FD74}
	EndGlobalSection
EndGlobal
