{
  "version": 2,
  "dependencies": {
    "net9.0": {
      "Autofac.Extensions.DependencyInjection": {
        "type": "Direct",
        "requested": "[10.0.0, )",
        "resolved": "10.0.0",
        "contentHash": "ZjR/onUlP7BzQ7VBBigQepWLAyAzi3VRGX3pP6sBqkPRiT61fsTZqbTpRUKxo30TMgbs1o3y6bpLbETix4SJog==",
        "dependencies": {
          "Autofac": "8.1.0",
          "Microsoft.Extensions.DependencyInjection.Abstractions": "8.0.1"
        }
      },
      "AWSSDK.ECS": {
        "type": "Direct",
        "requested": "[3.7.412.7, )",
        "resolved": "3.7.412.7",
        "contentHash": "qx4UMWviSwQFuOkzntXggN1r0VAsmFPLZa8ObOW6x6GAWD8oIxArqBaZeHBSi3arZIPYjFe+iaXBhe0cAE8wpg==",
        "dependencies": {
          "AWSSDK.Core": "[3.7.402.79, 4.0.0)"
        }
      },
      "AWSSDK.Extensions.NETCore.Setup": {
        "type": "Direct",
        "requested": "[3.7.400, )",
        "resolved": "3.7.400",
        "contentHash": "i4ta6n+QuGKt1RBCIbRU2wohz5DYJ+wRPR9EI7YkzC8eaWSbmMXTNL+s4HpYUsoxM7uyUrYoW0gC52/9KnK7xw==",
        "dependencies": {
          "AWSSDK.Core": "3.7.402",
          "Microsoft.Extensions.Configuration.Abstractions": "2.0.0",
          "Microsoft.Extensions.DependencyInjection.Abstractions": "2.0.0",
          "Microsoft.Extensions.Logging.Abstractions": "2.0.0"
        }
      },
      "AWSSDK.S3": {
        "type": "Direct",
        "requested": "[3.7.420.1, )",
        "resolved": "3.7.420.1",
        "contentHash": "iYe5nB8cEUS+gFLSeBZ3k3NLiSzawbmMRR6bqTdwe5Caz48mWE4n/l9J7+EP0n1iTpGe7S6Me6pJhuXQYdaRLA==",
        "dependencies": {
          "AWSSDK.Core": "[3.7.402.79, 4.0.0)"
        }
      },
      "Be.Vlaanderen.Basisregisters.Aws.DistributedMutex": {
        "type": "Direct",
        "requested": "[5.0.0, )",
        "resolved": "5.0.0",
        "contentHash": "PehV+6Y49btth3wP0+nwFpIlHoNE+y4pYrnSIfAMBOR6HGA+2vjarXtk2utEdQf1DWNx3wx3EEa1W50QMLc1Yg==",
        "dependencies": {
          "AWSSDK.DynamoDBv2": "3.7.406.17",
          "Microsoft.Extensions.Configuration.Binder": "9.0.3",
          "Microsoft.Extensions.Configuration.Json": "9.0.3",
          "Microsoft.Extensions.Logging": "9.0.3"
        }
      },
      "Be.Vlaanderen.Basisregisters.BlobStore": {
        "type": "Direct",
        "requested": "[5.0.0, )",
        "resolved": "5.0.0",
        "contentHash": "SVHtsAhtQepSZzDTw6nNnUimdBJcABRapr4PKX7knGu2dEYI8ROzgS2AFf65kaA3O8WpRnwmWNnJ9S9SDbytgA==",
        "dependencies": {
          "AWSSDK.S3": "3.7.416.4",
          "Microsoft.Data.SqlClient": "6.0.1",
          "System.Collections.Immutable": "9.0.3"
        }
      },
      "Be.Vlaanderen.Basisregisters.GrAr.Edit": {
        "type": "Direct",
        "requested": "[22.0.0, )",
        "resolved": "22.0.0",
        "contentHash": "4v+aVP+R461I2W7oRvTwzqakmyZ+cfvgC5uiMgRp+1PsxSH7xtz7QPj9cAMesT8ZLy8zzwhnAQHnRToN0TpcuA==",
        "dependencies": {
          "Be.Vlaanderen.Basisregisters.GrAr.Common": "22.0.0",
          "NetTopologySuite": "2.6.0"
        }
      },
      "Be.Vlaanderen.Basisregisters.Shaperon.Geometries": {
        "type": "Direct",
        "requested": "[11.0.0, )",
        "resolved": "11.0.0",
        "contentHash": "KbJBZoSSxQE0b+0z5S7YPCEOfIR0gIwDYneLZdUtDwPCnD795noiPxMw6xhitNugIT4syJk0PVFb0MsHU/wV/Q==",
        "dependencies": {
          "Be.Vlaanderen.Basisregisters.Shaperon": "11.0.0",
          "NetTopologySuite": "2.6.0"
        }
      },
      "Be.Vlaanderen.Basisregisters.TicketingService.Abstractions": {
        "type": "Direct",
        "requested": "[3.0.0, )",
        "resolved": "3.0.0",
        "contentHash": "c5WHaHXwXnJeZ9AvnBxJA1EMGjnVgFz3qnJF5KZ9hZt3m9yKKmDDX59iD7C/DgzjL1quUMy1F2GEGXJjZxjRZg==",
        "dependencies": {
          "System.Text.Json": "9.0.3"
        }
      },
      "Be.Vlaanderen.Basisregisters.TicketingService.Proxy.HttpProxy": {
        "type": "Direct",
        "requested": "[3.0.0, )",
        "resolved": "3.0.0",
        "contentHash": "+mj22fjsi+eooQnjwRhxw10kfIPnq2ADVwZFkToKLiGWJP8TbLDMtlSl0hsdOipcOsPvUMAyF/0AmdYx3UN9pQ==",
        "dependencies": {
          "Be.Vlaanderen.Basisregisters.TicketingService.Abstractions": "3.0.0",
          "Microsoft.Extensions.DependencyInjection": "9.0.3",
          "Microsoft.Extensions.Http": "9.0.3",
          "System.Net.Http.Json": "9.0.3"
        }
      },
      "Dapper": {
        "type": "Direct",
        "requested": "[2.1.66, )",
        "resolved": "2.1.66",
        "contentHash": "/q77jUgDOS+bzkmk3Vy9SiWMaetTw+NOoPAV0xPBsGVAyljd5S6P+4RUW7R3ZUGGr9lDRyPKgAMj2UAOwvqZYw=="
      },
      "Datadog.Trace.Bundle": {
        "type": "Direct",
        "requested": "[3.15.0, )",
        "resolved": "3.15.0",
        "contentHash": "mzCLTCiA1Lzlj3dRbE9G84aePo7S+7ekFdl5r3ujm8hmoeKkW0MBayhKIg2+ZvTbIbrA5oHMDcwIscLR125cVg==",
        "dependencies": {
          "Datadog.Trace": "3.15.0"
        }
      },
      "Destructurama.JsonNet": {
        "type": "Direct",
        "requested": "[4.0.2, )",
        "resolved": "4.0.2",
        "contentHash": "ZlzKReMWRK+A8IHK8Qbr0A3pdMUEV5MlCi/OgUoQf2IIsPi25SxdJ/Bp50n2viz/pCWo4Ju1nbxe6IA0GpmYRQ==",
        "dependencies": {
          "Newtonsoft.Json": "13.0.3",
          "Serilog": "4.2.0"
        }
      },
      "Microsoft.EntityFrameworkCore.SqlServer": {
        "type": "Direct",
        "requested": "[9.0.4, )",
        "resolved": "9.0.4",
        "contentHash": "UCo6rRUIx2Rhl6xVkMPf1yL/97jcYkwrryOKB5e68YCZ7NdQyk+7wfXJzEDvkFcjTw45H5sy4/1vW6vXCs/Kag==",
        "dependencies": {
          "Microsoft.Data.SqlClient": "5.1.6",
          "Microsoft.EntityFrameworkCore.Relational": "9.0.4",
          "Microsoft.Extensions.Caching.Memory": "9.0.4",
          "Microsoft.Extensions.Configuration.Abstractions": "9.0.4",
          "Microsoft.Extensions.Logging": "9.0.4",
          "System.Formats.Asn1": "9.0.4",
          "System.Text.Json": "9.0.4"
        }
      },
      "Microsoft.EntityFrameworkCore.SqlServer.NetTopologySuite": {
        "type": "Direct",
        "requested": "[9.0.4, )",
        "resolved": "9.0.4",
        "contentHash": "luV2h3E+IcGkyMMGZCkiKZev2EhlYnOx517ncf+ffCAzNvlFZjKn+u889rYiEY2OERldLpxGregZdZMgAr08ig==",
        "dependencies": {
          "Microsoft.Data.SqlClient": "5.1.6",
          "Microsoft.EntityFrameworkCore.SqlServer": "9.0.4",
          "Microsoft.Extensions.Caching.Memory": "9.0.4",
          "Microsoft.Extensions.Configuration.Abstractions": "9.0.4",
          "Microsoft.Extensions.Logging": "9.0.4",
          "NetTopologySuite": "2.5.0",
          "NetTopologySuite.IO.SqlServerBytes": "2.1.0",
          "System.Formats.Asn1": "9.0.4",
          "System.Text.Json": "9.0.4"
        }
      },
      "Microsoft.Extensions.Configuration": {
        "type": "Direct",
        "requested": "[9.0.4, )",
        "resolved": "9.0.4",
        "contentHash": "KIVBrMbItnCJDd1RF4KEaE8jZwDJcDUJW5zXpbwQ05HNYTK1GveHxHK0B3SjgDJuR48GRACXAO+BLhL8h34S7g==",
        "dependencies": {
          "Microsoft.Extensions.Configuration.Abstractions": "9.0.4",
          "Microsoft.Extensions.Primitives": "9.0.4"
        }
      },
      "Microsoft.Extensions.Configuration.CommandLine": {
        "type": "Direct",
        "requested": "[9.0.4, )",
        "resolved": "9.0.4",
        "contentHash": "TbM2HElARG7z1gxwakdppmOkm1SykPqDcu3EF97daEwSb/+TXnRrFfJtF+5FWWxcsNhbRrmLfS2WszYcab7u1A==",
        "dependencies": {
          "Microsoft.Extensions.Configuration": "9.0.4",
          "Microsoft.Extensions.Configuration.Abstractions": "9.0.4"
        }
      },
      "Microsoft.Extensions.Configuration.EnvironmentVariables": {
        "type": "Direct",
        "requested": "[9.0.4, )",
        "resolved": "9.0.4",
        "contentHash": "2IGiG3FtVnD83IA6HYGuNei8dOw455C09yEhGl8bjcY6aGZgoC6yhYvDnozw8wlTowfoG9bxVrdTsr2ACZOYHg==",
        "dependencies": {
          "Microsoft.Extensions.Configuration": "9.0.4",
          "Microsoft.Extensions.Configuration.Abstractions": "9.0.4"
        }
      },
      "Microsoft.Extensions.Configuration.FileExtensions": {
        "type": "Direct",
        "requested": "[9.0.4, )",
        "resolved": "9.0.4",
        "contentHash": "UY864WQ3AS2Fkc8fYLombWnjrXwYt+BEHHps0hY4sxlgqaVW06AxbpgRZjfYf8PyRbplJqruzZDB/nSLT+7RLQ==",
        "dependencies": {
          "Microsoft.Extensions.Configuration": "9.0.4",
          "Microsoft.Extensions.Configuration.Abstractions": "9.0.4",
          "Microsoft.Extensions.FileProviders.Abstractions": "9.0.4",
          "Microsoft.Extensions.FileProviders.Physical": "9.0.4",
          "Microsoft.Extensions.Primitives": "9.0.4"
        }
      },
      "Microsoft.Extensions.Configuration.Json": {
        "type": "Direct",
        "requested": "[9.0.4, )",
        "resolved": "9.0.4",
        "contentHash": "vVXI70CgT/dmXV3MM+n/BR2rLXEoAyoK0hQT+8MrbCMuJBiLRxnTtSrksNiASWCwOtxo/Tyy7CO8AGthbsYxnw==",
        "dependencies": {
          "Microsoft.Extensions.Configuration": "9.0.4",
          "Microsoft.Extensions.Configuration.Abstractions": "9.0.4",
          "Microsoft.Extensions.Configuration.FileExtensions": "9.0.4",
          "Microsoft.Extensions.FileProviders.Abstractions": "9.0.4"
        }
      },
      "Serilog": {
        "type": "Direct",
        "requested": "[4.2.0, )",
        "resolved": "4.2.0",
        "contentHash": "gmoWVOvKgbME8TYR+gwMf7osROiWAURterc6Rt2dQyX7wtjZYpqFiA/pY6ztjGQKKV62GGCyOcmtP1UKMHgSmA=="
      },
      "Serilog.Enrichers.Environment": {
        "type": "Direct",
        "requested": "[3.0.1, )",
        "resolved": "3.0.1",
        "contentHash": "9BqCE4C9FF+/rJb/CsQwe7oVf44xqkOvMwX//CUxvUR25lFL4tSS6iuxE5eW07quby1BAyAEP+vM6TWsnT3iqw==",
        "dependencies": {
          "Serilog": "4.0.0"
        }
      },
      "Serilog.Enrichers.Thread": {
        "type": "Direct",
        "requested": "[4.0.0, )",
        "resolved": "4.0.0",
        "contentHash": "C7BK25a1rhUyr+Tp+1BYcVlBJq7M2VCHlIgnwoIUVJcicM9jYcvQK18+OeHiXw7uLPSjqWxJIp1EfaZ/RGmEwA==",
        "dependencies": {
          "Serilog": "4.0.0"
        }
      },
      "Serilog.Extensions.Logging": {
        "type": "Direct",
        "requested": "[9.0.1, )",
        "resolved": "9.0.1",
        "contentHash": "IZo04/stVuOBhe0jzIe+6gVmiZ50i1cDljTnDyz6lqM7rbNhrHsPWg3IraJIvzZBihYPg5V9TVQYgRnm3xX8eA==",
        "dependencies": {
          "Microsoft.Extensions.Logging": "9.0.0",
          "Serilog": "4.2.0"
        }
      },
      "Serilog.Formatting.Compact": {
        "type": "Direct",
        "requested": "[3.0.0, )",
        "resolved": "3.0.0",
        "contentHash": "wQsv14w9cqlfB5FX2MZpNsTawckN4a8dryuNGbebB/3Nh1pXnROHZov3swtu3Nj5oNG7Ba+xdu7Et/ulAUPanQ==",
        "dependencies": {
          "Serilog": "4.0.0"
        }
      },
      "Serilog.Settings.Configuration": {
        "type": "Direct",
        "requested": "[9.0.0, )",
        "resolved": "9.0.0",
        "contentHash": "4/Et4Cqwa+F88l5SeFeNZ4c4Z6dEAIKbu3MaQb2Zz9F/g27T5a3wvfMcmCOaAiACjfUb4A6wrlTVfyYUZk3RRQ==",
        "dependencies": {
          "Microsoft.Extensions.Configuration.Binder": "9.0.0",
          "Microsoft.Extensions.DependencyModel": "9.0.0",
          "Serilog": "4.2.0"
        }
      },
      "Serilog.Sinks.Console": {
        "type": "Direct",
        "requested": "[6.0.0, )",
        "resolved": "6.0.0",
        "contentHash": "fQGWqVMClCP2yEyTXPIinSr5c+CBGUvBybPxjAGcf7ctDhadFhrQw03Mv8rJ07/wR5PDfFjewf2LimvXCDzpbA==",
        "dependencies": {
          "Serilog": "4.0.0"
        }
      },
      "Serilog.Sinks.File": {
        "type": "Direct",
        "requested": "[7.0.0, )",
        "resolved": "7.0.0",
        "contentHash": "fKL7mXv7qaiNBUC71ssvn/dU0k9t0o45+qm2XgKAlSt19xF+ijjxyA3R6HmCgfKEKwfcfkwWjayuQtRueZFkYw==",
        "dependencies": {
          "Serilog": "4.2.0"
        }
      },
      "SourceLink.Copy.PdbFiles": {
        "type": "Direct",
        "requested": "[2.8.3, )",
        "resolved": "2.8.3",
        "contentHash": "cxlw1QHd/J7lOtSZ45VZMOsF/YSOlwZy0fCkauo9Ib9vOv+zGzjm9q3D8qGyMII0Zz1GSmli/oxhmUNuYUpc1g=="
      },
      "SourceLink.Embed.AllSourceFiles": {
        "type": "Direct",
        "requested": "[2.8.3, )",
        "resolved": "2.8.3",
        "contentHash": "Hv77AfKNDqSUH6MSGW1ZwKWFJ/CNKOe4FD6lpJGNYdSSQeEEsE2KyPlG1IgzA8+CJG8lDQV2vLS4OljHtHohsw=="
      },
      "AWSSDK.Core": {
        "type": "Transitive",
        "resolved": "3.7.402.79",
        "contentHash": "nma7vdDfDlwx4nZbFjdp9G1nlwpHKhJdPcfRJj2v5siN8MBIFypgYldbRbvONfe5Re0KVpHYVzZuDt3mXcadZw=="
      },
      "AWSSDK.DynamoDBv2": {
        "type": "Transitive",
        "resolved": "3.7.406.17",
        "contentHash": "HmCeGXJwbflvvtcLTXIPJsI4XsQslUZ4BPPUmyHNLmQJdORJ8veln/tsNPFWDlhjhZ1KI3jSDTdkQZsxPNqfVg==",
        "dependencies": {
          "AWSSDK.Core": "[3.7.402.35, 4.0.0)"
        }
      },
      "Azure.Core": {
        "type": "Transitive",
        "resolved": "1.38.0",
        "contentHash": "IuEgCoVA0ef7E4pQtpC3+TkPbzaoQfa77HlfJDmfuaJUCVJmn7fT0izamZiryW5sYUFKizsftIxMkXKbgIcPMQ==",
        "dependencies": {
          "Microsoft.Bcl.AsyncInterfaces": "1.1.1",
          "System.ClientModel": "1.0.0",
          "System.Diagnostics.DiagnosticSource": "6.0.1",
          "System.Memory.Data": "1.0.2",
          "System.Numerics.Vectors": "4.5.0",
          "System.Text.Encodings.Web": "4.7.2",
          "System.Text.Json": "4.7.2",
          "System.Threading.Tasks.Extensions": "4.5.4"
        }
      },
      "Azure.Identity": {
        "type": "Transitive",
        "resolved": "1.11.4",
        "contentHash": "Sf4BoE6Q3jTgFkgBkx7qztYOFELBCo+wQgpYDwal/qJ1unBH73ywPztIJKXBXORRzAeNijsuxhk94h0TIMvfYg==",
        "dependencies": {
          "Azure.Core": "1.38.0",
          "Microsoft.Identity.Client": "4.61.3",
          "Microsoft.Identity.Client.Extensions.Msal": "4.61.3",
          "System.Memory": "4.5.4",
          "System.Security.Cryptography.ProtectedData": "4.7.0",
          "System.Text.Json": "4.7.2",
          "System.Threading.Tasks.Extensions": "4.5.4"
        }
      },
      "Be.Vlaanderen.Basisregisters.AggregateSource": {
        "type": "Transitive",
        "resolved": "10.0.2",
        "contentHash": "Yl/b3hX+eL00r2hs/vIFbr4BX+4dapcj5AFBguPhO4QBb2Hwzgzm/jjuoS3bziUg5PAb1TWn+jQxcw63c886RA==",
        "dependencies": {
          "Be.Vlaanderen.Basisregisters.Utilities.HashCodeCalculator": "5.0.0",
          "Be.Vlaanderen.Basisregisters.Utilities.HexByteConvertor": "5.0.0",
          "Be.Vlaanderen.Basisregisters.Utilities.ToStringBuilder": "4.0.8",
          "Newtonsoft.Json": "13.0.3",
          "NodaTime": "3.2.2",
          "System.Collections.Immutable": "9.0.3"
        }
      },
      "Be.Vlaanderen.Basisregisters.CommandHandling": {
        "type": "Transitive",
        "resolved": "10.0.2",
        "contentHash": "kF9PkiM+9/iqXSSg4B+rXLAgNGgMAdIxtFsQsXlmQ6/tnqXU1FMbRJ0rAHCFKABwv+GW0b113NvDAdAA9V1x9Q==",
        "dependencies": {
          "System.Collections.Immutable": "9.0.3"
        }
      },
      "Be.Vlaanderen.Basisregisters.Utilities.HashCodeCalculator": {
        "type": "Transitive",
        "resolved": "5.0.0",
        "contentHash": "zb1i6RL8RkQQNa+gv553tMNe+q/6C41G4nia1p1u13COa4zCMVBmBs2ypFYuw2VTLmwAUhTZJDqGYwGVnC38YA=="
      },
      "Be.Vlaanderen.Basisregisters.Utilities.HexByteConvertor": {
        "type": "Transitive",
        "resolved": "5.0.0",
        "contentHash": "DI3ETyL4lW+/SQcVAHE1F2fkNLZ5UV8GtVMoPZxX73gTdlfcKHASnsKrxVS/IcQu/5dzwQR70OIpC7kKTQzKcg=="
      },
      "Be.Vlaanderen.Basisregisters.Utilities.ToStringBuilder": {
        "type": "Transitive",
        "resolved": "4.0.8",
        "contentHash": "jzp8ifH4bBjvhxGe4bBDeDGEXVbiXco7cZX2iKghOTulus30lKk/oj9mOz2gMusQHGEppvXhtHgoJsX3XNYRng=="
      },
      "Datadog.Trace": {
        "type": "Transitive",
        "resolved": "3.15.0",
        "contentHash": "xDdce/RLnXEoyyySKoY+MEp586Yj5x9lNIhN3I2NbZhS7wnaXXHJ/1ieFxdgU2dfY5m6RlEGWKG5auzgKd9rzA==",
        "dependencies": {
          "System.Diagnostics.DiagnosticSource": "4.4.1"
        }
      },
      "Microsoft.Bcl.AsyncInterfaces": {
        "type": "Transitive",
        "resolved": "1.1.1",
        "contentHash": "yuvf07qFWFqtK3P/MRkEKLhn5r2UbSpVueRziSqj0yJQIKFwG1pq9mOayK3zE5qZCTs0CbrwL9M6R8VwqyGy2w=="
      },
      "Microsoft.Bcl.Cryptography": {
        "type": "Transitive",
        "resolved": "9.0.0",
        "contentHash": "tjfuEv+QOznFL1bEPa7svmjpbNvDIrwdinMNy/HhrToQQpONW4hdp0Sans55Rcy9KB3z60duBeey89JY1VQOvg=="
      },
      "Microsoft.Data.SqlClient": {
        "type": "Transitive",
        "resolved": "6.0.1",
        "contentHash": "v7HxnYYXGGCJilxeQ4Pdks+popVuGajBpHmau0RU4ACIcbfs5qCNUnCogGpZ+CJ//8Qafhxq7vc5a8L9d6O8Eg==",
        "dependencies": {
          "Azure.Identity": "1.11.4",
          "Microsoft.Bcl.Cryptography": "9.0.0",
          "Microsoft.Data.SqlClient.SNI.runtime": "6.0.2",
          "Microsoft.Extensions.Caching.Memory": "9.0.0",
          "Microsoft.IdentityModel.JsonWebTokens": "7.5.0",
          "Microsoft.IdentityModel.Protocols.OpenIdConnect": "7.5.0",
          "Microsoft.SqlServer.Server": "1.0.0",
          "System.Configuration.ConfigurationManager": "9.0.0",
          "System.Security.Cryptography.Pkcs": "9.0.0"
        }
      },
      "Microsoft.Data.SqlClient.SNI.runtime": {
        "type": "Transitive",
        "resolved": "6.0.2",
        "contentHash": "f+pRODTWX7Y67jXO3T5S2dIPZ9qMJNySjlZT/TKmWVNWe19N8jcWmHaqHnnchaq3gxEKv1SWVY5EFzOD06l41w=="
      },
      "Microsoft.EntityFrameworkCore": {
        "type": "Transitive",
        "resolved": "9.0.4",
        "contentHash": "+5IAX0aicQYCRfN4pAjad+JPwdEYoVEM3Z1Cl8/EiEv3FVHQHdd8TJQpQIslQDDQS/UsUMb0MsOXwqOh+TJtRw==",
        "dependencies": {
          "Microsoft.EntityFrameworkCore.Abstractions": "9.0.4",
          "Microsoft.EntityFrameworkCore.Analyzers": "9.0.4",
          "Microsoft.Extensions.Caching.Memory": "9.0.4",
          "Microsoft.Extensions.Logging": "9.0.4"
        }
      },
      "Microsoft.EntityFrameworkCore.Abstractions": {
        "type": "Transitive",
        "resolved": "9.0.4",
        "contentHash": "E0pkWzI0liqu2ogqJ1kohk2eGkYRhf5tI75HGF6IQDARsshY/0w+prGyLvNuUeV7B8I7vYQZ4CzAKYKxw7b9gQ=="
      },
      "Microsoft.EntityFrameworkCore.Analyzers": {
        "type": "Transitive",
        "resolved": "9.0.4",
        "contentHash": "cMsm1O7g9X5qbB2wjHf3BVVvGwkG+zeXQ+M91I1Bm6RfylFMImqBPzs0+vmuef7fPxr2yOzPhIfJ2wQJfmtaSw=="
      },
      "Microsoft.EntityFrameworkCore.Relational": {
        "type": "Transitive",
        "resolved": "9.0.4",
        "contentHash": "OjJ+xh/wQff5b0wiC3SPvoQqTA2boZeJQf+15+3+OJPtjBKzvxuwr25QRIu1p1t+K8ryQ8pzaoZ7eOpXfNzVGA==",
        "dependencies": {
          "Microsoft.EntityFrameworkCore": "9.0.4",
          "Microsoft.Extensions.Caching.Memory": "9.0.4",
          "Microsoft.Extensions.Configuration.Abstractions": "9.0.4",
          "Microsoft.Extensions.Logging": "9.0.4"
        }
      },
      "Microsoft.Extensions.Caching.Abstractions": {
        "type": "Transitive",
        "resolved": "9.0.4",
        "contentHash": "imcZ5BGhBw5mNsWLepBbqqumWaFe0GtvyCvne2/2wsDIBRa2+Lhx4cU/pKt/4BwOizzUEOls2k1eOJQXHGMalg==",
        "dependencies": {
          "Microsoft.Extensions.Primitives": "9.0.4"
        }
      },
      "Microsoft.Extensions.Caching.Memory": {
        "type": "Transitive",
        "resolved": "9.0.4",
        "contentHash": "G5rEq1Qez5VJDTEyRsRUnewAspKjaY57VGsdZ8g8Ja6sXXzoiI3PpTd1t43HjHqNWD5A06MQveb2lscn+2CU+w==",
        "dependencies": {
          "Microsoft.Extensions.Caching.Abstractions": "9.0.4",
          "Microsoft.Extensions.DependencyInjection.Abstractions": "9.0.4",
          "Microsoft.Extensions.Logging.Abstractions": "9.0.4",
          "Microsoft.Extensions.Options": "9.0.4",
          "Microsoft.Extensions.Primitives": "9.0.4"
        }
      },
      "Microsoft.Extensions.Configuration.Abstractions": {
        "type": "Transitive",
        "resolved": "9.0.4",
        "contentHash": "0LN/DiIKvBrkqp7gkF3qhGIeZk6/B63PthAHjQsxymJfIBcz0kbf4/p/t4lMgggVxZ+flRi5xvTwlpPOoZk8fg==",
        "dependencies": {
          "Microsoft.Extensions.Primitives": "9.0.4"
        }
      },
      "Microsoft.Extensions.Configuration.Binder": {
        "type": "Transitive",
        "resolved": "9.0.3",
        "contentHash": "ad82pYBUSQbd3WIboxsS1HzFdRuHKRa2CpYwie/o6dZAxUjt62yFwjoVdM7Iw2VO5fHV1rJwa7jJZBNZin0E7Q==",
        "dependencies": {
          "Microsoft.Extensions.Configuration.Abstractions": "9.0.3"
        }
      },
      "Microsoft.Extensions.DependencyInjection": {
        "type": "Transitive",
        "resolved": "9.0.4",
        "contentHash": "f2MTUaS2EQ3lX4325ytPAISZqgBfXmY0WvgD80ji6Z20AoDNiCESxsqo6mFRwHJD/jfVKRw9FsW6+86gNre3ug==",
        "dependencies": {
          "Microsoft.Extensions.DependencyInjection.Abstractions": "9.0.4"
        }
      },
      "Microsoft.Extensions.DependencyInjection.Abstractions": {
        "type": "Transitive",
        "resolved": "9.0.4",
        "contentHash": "UI0TQPVkS78bFdjkTodmkH0Fe8lXv9LnhGFKgKrsgUJ5a5FVdFRcgjIkBVLbGgdRhxWirxH/8IXUtEyYJx6GQg=="
      },
      "Microsoft.Extensions.DependencyModel": {
        "type": "Transitive",
        "resolved": "9.0.0",
        "contentHash": "saxr2XzwgDU77LaQfYFXmddEDRUKHF4DaGMZkNB3qjdVSZlax3//dGJagJkKrGMIPNZs2jVFXITyCCR6UHJNdA=="
      },
      "Microsoft.Extensions.Diagnostics": {
        "type": "Transitive",
        "resolved": "9.0.3",
        "contentHash": "gqhbIq6adm0+/9IlDYmchekoxNkmUTm7rfTG3k4zzoQkjRuD8TQGwL1WnIcTDt4aQ+j+Vu0OQrjI8GlpJQQhIA==",
        "dependencies": {
          "Microsoft.Extensions.Configuration": "9.0.3",
          "Microsoft.Extensions.Diagnostics.Abstractions": "9.0.3",
          "Microsoft.Extensions.Options.ConfigurationExtensions": "9.0.3"
        }
      },
      "Microsoft.Extensions.Diagnostics.Abstractions": {
        "type": "Transitive",
        "resolved": "9.0.3",
        "contentHash": "/fn0Xe8t+3YbMfwyTk4hFirWyAG1pBA5ogVYsrKAuuD2gbqOWhFuSA28auCmS3z8Y2eq3miDIKq4pFVRWA+J6g==",
        "dependencies": {
          "Microsoft.Extensions.DependencyInjection.Abstractions": "9.0.3",
          "Microsoft.Extensions.Options": "9.0.3"
        }
      },
      "Microsoft.Extensions.FileProviders.Abstractions": {
        "type": "Transitive",
        "resolved": "9.0.4",
        "contentHash": "gQN2o/KnBfVk6Bd71E2YsvO5lsqrqHmaepDGk+FB/C4aiQY9B0XKKNKfl5/TqcNOs9OEithm4opiMHAErMFyEw==",
        "dependencies": {
          "Microsoft.Extensions.Primitives": "9.0.4"
        }
      },
      "Microsoft.Extensions.FileProviders.Physical": {
        "type": "Transitive",
        "resolved": "9.0.4",
        "contentHash": "qkQ9V7KFZdTWNThT7ke7E/Jad38s46atSs3QUYZB8f3thBTrcrousdY4Y/tyCtcH5YjsPSiByjuN+L8W/ThMQg==",
        "dependencies": {
          "Microsoft.Extensions.FileProviders.Abstractions": "9.0.4",
          "Microsoft.Extensions.FileSystemGlobbing": "9.0.4",
          "Microsoft.Extensions.Primitives": "9.0.4"
        }
      },
      "Microsoft.Extensions.FileSystemGlobbing": {
        "type": "Transitive",
        "resolved": "9.0.4",
        "contentHash": "05Lh2ItSk4mzTdDWATW9nEcSybwprN8Tz42Fs5B+jwdXUpauktdAQUI1Am4sUQi2C63E5hvQp8gXvfwfg9mQGQ=="
      },
      "Microsoft.Extensions.Http": {
        "type": "Transitive",
        "resolved": "9.0.3",
        "contentHash": "rwChgI3lPqvUzsCN3egSW/6v4kP9/RQ2QrkZUwyAiHiwEoIB6QbYkATNvUsgjV6nfrekocyciCzy53ZFRuSaHA==",
        "dependencies": {
          "Microsoft.Extensions.Configuration.Abstractions": "9.0.3",
          "Microsoft.Extensions.DependencyInjection.Abstractions": "9.0.3",
          "Microsoft.Extensions.Diagnostics": "9.0.3",
          "Microsoft.Extensions.Logging": "9.0.3",
          "Microsoft.Extensions.Logging.Abstractions": "9.0.3",
          "Microsoft.Extensions.Options": "9.0.3"
        }
      },
      "Microsoft.Extensions.Logging": {
        "type": "Transitive",
        "resolved": "9.0.4",
        "contentHash": "xW6QPYsqhbuWBO9/1oA43g/XPKbohJx+7G8FLQgQXIriYvY7s+gxr2wjQJfRoPO900dvvv2vVH7wZovG+M1m6w==",
        "dependencies": {
          "Microsoft.Extensions.DependencyInjection": "9.0.4",
          "Microsoft.Extensions.Logging.Abstractions": "9.0.4",
          "Microsoft.Extensions.Options": "9.0.4"
        }
      },
      "Microsoft.Extensions.Logging.Abstractions": {
        "type": "Transitive",
        "resolved": "9.0.4",
        "contentHash": "0MXlimU4Dud6t+iNi5NEz3dO2w1HXdhoOLaYFuLPCjAsvlPQGwOT6V2KZRMLEhCAm/stSZt1AUv0XmDdkjvtbw==",
        "dependencies": {
          "Microsoft.Extensions.DependencyInjection.Abstractions": "9.0.4"
        }
      },
      "Microsoft.Extensions.Options": {
        "type": "Transitive",
        "resolved": "9.0.4",
        "contentHash": "fiFI2+58kicqVZyt/6obqoFwHiab7LC4FkQ3mmiBJ28Yy4fAvy2+v9MRnSvvlOO8chTOjKsdafFl/K9veCPo5g==",
        "dependencies": {
          "Microsoft.Extensions.DependencyInjection.Abstractions": "9.0.4",
          "Microsoft.Extensions.Primitives": "9.0.4"
        }
      },
      "Microsoft.Extensions.Options.ConfigurationExtensions": {
        "type": "Transitive",
        "resolved": "9.0.3",
        "contentHash": "PcyYHQglKnWVZHSPaL6v2qnfsIuFw8tSq7cyXHg3OeuDVn/CqmdWUjRiZomCF/Gi+qCi+ksz0lFphg2cNvB8zQ==",
        "dependencies": {
          "Microsoft.Extensions.Configuration.Abstractions": "9.0.3",
          "Microsoft.Extensions.Configuration.Binder": "9.0.3",
          "Microsoft.Extensions.DependencyInjection.Abstractions": "9.0.3",
          "Microsoft.Extensions.Options": "9.0.3",
          "Microsoft.Extensions.Primitives": "9.0.3"
        }
      },
      "Microsoft.Extensions.Primitives": {
        "type": "Transitive",
        "resolved": "9.0.4",
        "contentHash": "SPFyMjyku1nqTFFJ928JAMd0QnRe4xjE7KeKnZMWXf3xk+6e0WiOZAluYtLdbJUXtsl2cCRSi8cBquJ408k8RA=="
      },
      "Microsoft.Identity.Client": {
        "type": "Transitive",
        "resolved": "4.61.3",
        "contentHash": "naJo/Qm35Caaoxp5utcw+R8eU8ZtLz2ALh8S+gkekOYQ1oazfCQMWVT4NJ/FnHzdIJlm8dMz0oMpMGCabx5odA==",
        "dependencies": {
          "Microsoft.IdentityModel.Abstractions": "6.35.0",
          "System.Diagnostics.DiagnosticSource": "6.0.1"
        }
      },
      "Microsoft.Identity.Client.Extensions.Msal": {
        "type": "Transitive",
        "resolved": "4.61.3",
        "contentHash": "PWnJcznrSGr25MN8ajlc2XIDW4zCFu0U6FkpaNLEWLgd1NgFCp5uDY3mqLDgM8zCN8hqj8yo5wHYfLB2HjcdGw==",
        "dependencies": {
          "Microsoft.Identity.Client": "4.61.3",
          "System.Security.Cryptography.ProtectedData": "4.5.0"
        }
      },
      "Microsoft.IdentityModel.Abstractions": {
        "type": "Transitive",
        "resolved": "7.5.0",
        "contentHash": "seOFPaBQh2K683eFujAuDsrO2XbOA+SvxRli+wu7kl+ZymuGQzjmmUKfyFHmDazpPOBnmOX1ZnjX7zFDZHyNIA=="
      },
      "Microsoft.IdentityModel.JsonWebTokens": {
        "type": "Transitive",
        "resolved": "7.5.0",
        "contentHash": "mfyiGptbcH+oYrzAtWWwuV+7MoM0G0si+9owaj6DGWInhq/N/KDj/pWHhq1ShdmBu332gjP+cppjgwBpsOj7Fg==",
        "dependencies": {
          "Microsoft.IdentityModel.Tokens": "7.5.0"
        }
      },
      "Microsoft.IdentityModel.Logging": {
        "type": "Transitive",
        "resolved": "7.5.0",
        "contentHash": "3BInZEajJvnTDP/YRrmJ3Fyw8XAWWR9jG+3FkhhzRJJYItVL+BEH9qlgxSmtrxp7S7N6TOv+Y+X8BG61viiehQ==",
        "dependencies": {
          "Microsoft.IdentityModel.Abstractions": "7.5.0"
        }
      },
      "Microsoft.IdentityModel.Protocols": {
        "type": "Transitive",
        "resolved": "7.5.0",
        "contentHash": "ugyb0Nm+I+UrHGYg28mL8oCV31xZrOEbs8fQkcShUoKvgk22HroD2odCnqEf56CoAFYTwoDExz8deXzrFC+TyA==",
        "dependencies": {
          "Microsoft.IdentityModel.Tokens": "7.5.0"
        }
      },
      "Microsoft.IdentityModel.Protocols.OpenIdConnect": {
        "type": "Transitive",
        "resolved": "7.5.0",
        "contentHash": "/U3I/8uutTqZr2n/zt0q08bluYklq+5VWP7ZuOGpTUR1ln5bSbrexAzdSGzrhxTxNNbHMCU8Mn2bNQvcmehAxg==",
        "dependencies": {
          "Microsoft.IdentityModel.Protocols": "7.5.0",
          "System.IdentityModel.Tokens.Jwt": "7.5.0"
        }
      },
      "Microsoft.IdentityModel.Tokens": {
        "type": "Transitive",
        "resolved": "7.5.0",
        "contentHash": "owe33wqe0ZbwBxM3D90I0XotxNyTdl85jud03d+OrUOJNnTiqnYePwBk3WU9yW0Rk5CYX+sfSim7frmu6jeEzQ==",
        "dependencies": {
          "Microsoft.IdentityModel.Logging": "7.5.0"
        }
      },
      "Microsoft.SqlServer.Server": {
        "type": "Transitive",
        "resolved": "1.0.0",
        "contentHash": "N4KeF3cpcm1PUHym1RmakkzfkEv3GRMyofVv40uXsQhCQeglr2OHNcUk2WOG51AKpGO8ynGpo9M/kFXSzghwug=="
      },
      "NetTopologySuite.IO.SqlServerBytes": {
        "type": "Transitive",
        "resolved": "2.1.0",
        "contentHash": "R4BcV19f2l6EjHSjh/EHwLhYQHrOov9vig1EW5oBm0iqlZOgaIJm5tBnlbFnYlvdYOPuf5p0Qtf8PCVwH77Wbg==",
        "dependencies": {
          "NetTopologySuite": "[2.0.0, 3.0.0-A)"
        }
      },
      "Newtonsoft.Json": {
        "type": "Transitive",
        "resolved": "13.0.3",
        "contentHash": "HrC5BXdl00IP9zeV+0Z848QWPAoCr9P3bDEZguI+gkLcBKAOxix/tLEAAHC+UvDNPv4a2d18lOReHMOagPa+zQ=="
      },
      "NodaTime": {
        "type": "Transitive",
        "resolved": "3.2.2",
        "contentHash": "dmju5W0UYC3QP/UJM0juKAZkH0HSDMp0gH91A0+mT9M0kgyM2Jm67hUZPl/WRQLq8Lijjqmdk8kyAViWFWM7dA=="
      },
      "System.ClientModel": {
        "type": "Transitive",
        "resolved": "1.0.0",
        "contentHash": "I3CVkvxeqFYjIVEP59DnjbeoGNfo/+SZrCLpRz2v/g0gpCHaEMPtWSY0s9k/7jR1rAsLNg2z2u1JRB76tPjnIw==",
        "dependencies": {
          "System.Memory.Data": "1.0.2",
          "System.Text.Json": "4.7.2"
        }
      },
      "System.Collections.Immutable": {
        "type": "Transitive",
        "resolved": "9.0.3",
        "contentHash": "CfYi30Pbpw9aGpXVLcoGt+yM0egrE8M1DUOOwdAWOAQ2QZkXkSgjonqZYvtKdxUF1XJaLCp0OdTXueeAeUHSlQ=="
      },
      "System.Configuration.ConfigurationManager": {
        "type": "Transitive",
        "resolved": "9.0.0",
        "contentHash": "PdkuMrwDhXoKFo/JxISIi9E8L+QGn9Iquj2OKDWHB6Y/HnUOuBouF7uS3R4Hw3FoNmwwMo6hWgazQdyHIIs27A==",
        "dependencies": {
          "System.Diagnostics.EventLog": "9.0.0",
          "System.Security.Cryptography.ProtectedData": "9.0.0"
        }
      },
      "System.Diagnostics.DiagnosticSource": {
        "type": "Transitive",
        "resolved": "8.0.1",
        "contentHash": "vaoWjvkG1aenR2XdjaVivlCV9fADfgyhW5bZtXT23qaEea0lWiUljdQuze4E31vKM7ZWJaSUsbYIKE3rnzfZUg=="
      },
      "System.Diagnostics.EventLog": {
        "type": "Transitive",
        "resolved": "9.0.0",
        "contentHash": "qd01+AqPhbAG14KtdtIqFk+cxHQFZ/oqRSCoxU1F+Q6Kv0cl726sl7RzU9yLFGd4BUOKdN4XojXF0pQf/R6YeA=="
      },
      "System.Formats.Asn1": {
        "type": "Transitive",
        "resolved": "9.0.4",
        "contentHash": "WklXbMuiSM9X7UyM6t9UzNnMGGO9RV3OTtLjR++mvR4fcrMnuPPH3ui+BKVe2RhmDC3Z7ytWJCl+j8KOqKsVzw=="
      },
      "System.IdentityModel.Tokens.Jwt": {
        "type": "Transitive",
        "resolved": "7.5.0",
        "contentHash": "D0TtrWOfoPdyYSlvOGaU9F1QR+qrbgJ/4eiEsQkIz7YQKIKkGXQldXukn6cYG9OahSq5UVMvyAIObECpH6Wglg==",
        "dependencies": {
          "Microsoft.IdentityModel.JsonWebTokens": "7.5.0",
          "Microsoft.IdentityModel.Tokens": "7.5.0"
        }
      },
      "System.Memory": {
        "type": "Transitive",
        "resolved": "4.5.4",
        "contentHash": "1MbJTHS1lZ4bS4FmsJjnuGJOu88ZzTT2rLvrhW7Ygic+pC0NWA+3hgAen0HRdsocuQXCkUTdFn9yHJJhsijDXw=="
      },
      "System.Memory.Data": {
        "type": "Transitive",
        "resolved": "1.0.2",
        "contentHash": "JGkzeqgBsiZwKJZ1IxPNsDFZDhUvuEdX8L8BDC8N3KOj+6zMcNU28CNN59TpZE/VJYy9cP+5M+sbxtWJx3/xtw==",
        "dependencies": {
          "System.Text.Encodings.Web": "4.7.2",
          "System.Text.Json": "4.6.0"
        }
      },
      "System.Net.Http.Json": {
        "type": "Transitive",
        "resolved": "9.0.3",
        "contentHash": "1PLQgaGNBaU6OYwXCcsvOncpayCaYy7gp2BsXrXHxQToKdTnLHHf5/MXyMf0nD6SfY9MMb/TC8HWR2weaNQctA=="
      },
      "System.Numerics.Vectors": {
        "type": "Transitive",
        "resolved": "4.5.0",
        "contentHash": "QQTlPTl06J/iiDbJCiepZ4H//BVraReU4O4EoRw1U02H5TLUIT7xn3GnDp9AXPSlJUDyFs4uWjWafNX6WrAojQ=="
      },
      "System.Security.Cryptography.Pkcs": {
        "type": "Transitive",
        "resolved": "9.0.0",
        "contentHash": "8tluJF8w9si+2yoHeL8rgVJS6lKvWomTDC8px65Z8MCzzdME5eaPtEQf4OfVGrAxB5fW93ncucy1+221O9EQaw=="
      },
      "System.Security.Cryptography.ProtectedData": {
        "type": "Transitive",
        "resolved": "9.0.0",
        "contentHash": "CJW+x/F6fmRQ7N6K8paasTw9PDZp4t7G76UjGNlSDgoHPF0h08vTzLYbLZpOLEJSg35d5wy2jCXGo84EN05DpQ=="
      },
      "System.Text.Encodings.Web": {
        "type": "Transitive",
        "resolved": "4.7.2",
        "contentHash": "iTUgB/WtrZ1sWZs84F2hwyQhiRH6QNjQv2DkwrH+WP6RoFga2Q1m3f9/Q7FG8cck8AdHitQkmkXSY8qylcDmuA=="
      },
      "System.Text.Json": {
        "type": "Transitive",
        "resolved": "9.0.4",
        "contentHash": "pYtmpcO6R3Ef1XilZEHgXP2xBPVORbYEzRP7dl0IAAbN8Dm+kfwio8aCKle97rAWXOExr292MuxWYurIuwN62g=="
      },
      "System.Threading.Tasks.Extensions": {
        "type": "Transitive",
        "resolved": "4.5.4",
        "contentHash": "zteT+G8xuGu6mS+mzDzYXbzS7rd3K6Fjb9RiZlYlJPam2/hU7JCBZBVEcywNuR+oZ1ncTvc/cq0faRr3P01OVg=="
      },
      "grb": {
        "type": "Project",
        "dependencies": {
          "AWSSDK.SimpleNotificationService": "[3.7.400.173, )",
          "Autofac": "[8.2.1, )",
          "Be.Vlaanderen.Basisregisters.Shaperon": "[11.0.0, )",
          "Microsoft.EntityFrameworkCore.SqlServer": "[9.0.4, )",
          "Microsoft.EntityFrameworkCore.SqlServer.NetTopologySuite": "[9.0.4, )"
        }
      },
      "Autofac": {
        "type": "CentralTransitive",
        "requested": "[8.2.1, )",
        "resolved": "8.2.1",
        "contentHash": "q5xYBykgdvBlcmrXzHcDWcfeVktGEraluypkC0IRTupfxk+r+z+JcXgKj5kldKGe1fflyW3Ya3y9Soe9J2CqEA==",
        "dependencies": {
          "System.Diagnostics.DiagnosticSource": "8.0.1"
        }
      },
      "AWSSDK.SimpleNotificationService": {
        "type": "CentralTransitive",
        "requested": "[3.7.400.173, )",
        "resolved": "3.7.400.173",
        "contentHash": "XjD69dJJVlK8rUfEfc1DrYIfyF23nU5TAlTOnji1UhUp6XZWp9IU1QB94T6bQpVDrt24Ezix9qceqfwsDdznBQ==",
        "dependencies": {
          "AWSSDK.Core": "[3.7.402.79, 4.0.0)"
        }
      },
      "Be.Vlaanderen.Basisregisters.GrAr.Common": {
        "type": "CentralTransitive",
        "requested": "[22.0.0, )",
        "resolved": "22.0.0",
        "contentHash": "n1XUz4IkevxszSiM+BJoZHGQj+BtNyyyXdw6mQ/twCYsTcxOUsrGtdS6GeERHffQKCdBX9v45WzNN5lbOYfZGA==",
        "dependencies": {
          "Be.Vlaanderen.Basisregisters.AggregateSource": "10.0.2",
          "Be.Vlaanderen.Basisregisters.CommandHandling": "10.0.2",
          "NetTopologySuite": "2.6.0",
          "NodaTime": "3.2.2"
        }
      },
      "Be.Vlaanderen.Basisregisters.Shaperon": {
        "type": "CentralTransitive",
        "requested": "[11.0.0, )",
        "resolved": "11.0.0",
        "contentHash": "mVD42CKTt/5RIFZ3/oIXyoak1vcB9uvzY8sysXVXVSDlCrS+s1mPDa7l0cC4nRbI2x5r+f/DuXy6p2ih0gnnpQ=="
      },
      "NetTopologySuite": {
        "type": "CentralTransitive",
        "requested": "[2.6.0, )",
        "resolved": "2.6.0",
        "contentHash": "1B1OTacTd4QtFyBeuIOcThwSSLUdRZU3bSFIwM8vk36XiZlBMi3K36u74e4OqwwHRHUuJC1PhbDx4hyI266X1Q=="
      }
    },
    "net9.0/linux-arm64": {
      "Microsoft.Data.SqlClient": {
        "type": "Transitive",
        "resolved": "6.0.1",
        "contentHash": "v7HxnYYXGGCJilxeQ4Pdks+popVuGajBpHmau0RU4ACIcbfs5qCNUnCogGpZ+CJ//8Qafhxq7vc5a8L9d6O8Eg==",
        "dependencies": {
          "Azure.Identity": "1.11.4",
          "Microsoft.Bcl.Cryptography": "9.0.0",
          "Microsoft.Data.SqlClient.SNI.runtime": "6.0.2",
          "Microsoft.Extensions.Caching.Memory": "9.0.0",
          "Microsoft.IdentityModel.JsonWebTokens": "7.5.0",
          "Microsoft.IdentityModel.Protocols.OpenIdConnect": "7.5.0",
          "Microsoft.SqlServer.Server": "1.0.0",
          "System.Configuration.ConfigurationManager": "9.0.0",
          "System.Security.Cryptography.Pkcs": "9.0.0"
        }
      },
      "Microsoft.Data.SqlClient.SNI.runtime": {
        "type": "Transitive",
        "resolved": "6.0.2",
        "contentHash": "f+pRODTWX7Y67jXO3T5S2dIPZ9qMJNySjlZT/TKmWVNWe19N8jcWmHaqHnnchaq3gxEKv1SWVY5EFzOD06l41w=="
      },
      "System.Diagnostics.EventLog": {
        "type": "Transitive",
        "resolved": "9.0.0",
        "contentHash": "qd01+AqPhbAG14KtdtIqFk+cxHQFZ/oqRSCoxU1F+Q6Kv0cl726sl7RzU9yLFGd4BUOKdN4XojXF0pQf/R6YeA=="
      },
      "System.Security.Cryptography.Pkcs": {
        "type": "Transitive",
        "resolved": "9.0.0",
        "contentHash": "8tluJF8w9si+2yoHeL8rgVJS6lKvWomTDC8px65Z8MCzzdME5eaPtEQf4OfVGrAxB5fW93ncucy1+221O9EQaw=="
      }
    },
    "net9.0/linux-x64": {
      "Microsoft.Data.SqlClient": {
        "type": "Transitive",
        "resolved": "6.0.1",
        "contentHash": "v7HxnYYXGGCJilxeQ4Pdks+popVuGajBpHmau0RU4ACIcbfs5qCNUnCogGpZ+CJ//8Qafhxq7vc5a8L9d6O8Eg==",
        "dependencies": {
          "Azure.Identity": "1.11.4",
          "Microsoft.Bcl.Cryptography": "9.0.0",
          "Microsoft.Data.SqlClient.SNI.runtime": "6.0.2",
          "Microsoft.Extensions.Caching.Memory": "9.0.0",
          "Microsoft.IdentityModel.JsonWebTokens": "7.5.0",
          "Microsoft.IdentityModel.Protocols.OpenIdConnect": "7.5.0",
          "Microsoft.SqlServer.Server": "1.0.0",
          "System.Configuration.ConfigurationManager": "9.0.0",
          "System.Security.Cryptography.Pkcs": "9.0.0"
        }
      },
      "Microsoft.Data.SqlClient.SNI.runtime": {
        "type": "Transitive",
        "resolved": "6.0.2",
        "contentHash": "f+pRODTWX7Y67jXO3T5S2dIPZ9qMJNySjlZT/TKmWVNWe19N8jcWmHaqHnnchaq3gxEKv1SWVY5EFzOD06l41w=="
      },
      "System.Diagnostics.EventLog": {
        "type": "Transitive",
        "resolved": "9.0.0",
        "contentHash": "qd01+AqPhbAG14KtdtIqFk+cxHQFZ/oqRSCoxU1F+Q6Kv0cl726sl7RzU9yLFGd4BUOKdN4XojXF0pQf/R6YeA=="
      },
      "System.Security.Cryptography.Pkcs": {
        "type": "Transitive",
        "resolved": "9.0.0",
        "contentHash": "8tluJF8w9si+2yoHeL8rgVJS6lKvWomTDC8px65Z8MCzzdME5eaPtEQf4OfVGrAxB5fW93ncucy1+221O9EQaw=="
      }
    },
    "net9.0/win-x64": {
      "Microsoft.Data.SqlClient": {
        "type": "Transitive",
        "resolved": "6.0.1",
        "contentHash": "v7HxnYYXGGCJilxeQ4Pdks+popVuGajBpHmau0RU4ACIcbfs5qCNUnCogGpZ+CJ//8Qafhxq7vc5a8L9d6O8Eg==",
        "dependencies": {
          "Azure.Identity": "1.11.4",
          "Microsoft.Bcl.Cryptography": "9.0.0",
          "Microsoft.Data.SqlClient.SNI.runtime": "6.0.2",
          "Microsoft.Extensions.Caching.Memory": "9.0.0",
          "Microsoft.IdentityModel.JsonWebTokens": "7.5.0",
          "Microsoft.IdentityModel.Protocols.OpenIdConnect": "7.5.0",
          "Microsoft.SqlServer.Server": "1.0.0",
          "System.Configuration.ConfigurationManager": "9.0.0",
          "System.Security.Cryptography.Pkcs": "9.0.0"
        }
      },
      "Microsoft.Data.SqlClient.SNI.runtime": {
        "type": "Transitive",
        "resolved": "6.0.2",
        "contentHash": "f+pRODTWX7Y67jXO3T5S2dIPZ9qMJNySjlZT/TKmWVNWe19N8jcWmHaqHnnchaq3gxEKv1SWVY5EFzOD06l41w=="
      },
      "System.Diagnostics.EventLog": {
        "type": "Transitive",
        "resolved": "9.0.0",
        "contentHash": "qd01+AqPhbAG14KtdtIqFk+cxHQFZ/oqRSCoxU1F+Q6Kv0cl726sl7RzU9yLFGd4BUOKdN4XojXF0pQf/R6YeA=="
      },
      "System.Security.Cryptography.Pkcs": {
        "type": "Transitive",
        "resolved": "9.0.0",
        "contentHash": "8tluJF8w9si+2yoHeL8rgVJS6lKvWomTDC8px65Z8MCzzdME5eaPtEQf4OfVGrAxB5fW93ncucy1+221O9EQaw=="
      }
    }
  }
}